
Microsoft Visual Studio Solution File, Format Version 12.00
# Visual Studio Version 17
VisualStudioVersion = 17.11.35327.3
MinimumVisualStudioVersion = 10.0.40219.1
Project("{9A19103F-16F7-4668-BE54-9A1E7A4F7556}") = "AvaloniaMVVM", "AvaloniaMVVM\AvaloniaMVVM.csproj", "{6EA07E29-8711-4F32-AF7C-38D439CC917D}"
EndProject
Global
	GlobalSection(SolutionConfigurationPlatforms) = preSolution
		Debug|Any CPU = Debug|Any CPU
		Debug|x64 = Debug|x64
		Debug|x86 = Debug|x86
		Release|Any CPU = Release|Any CPU
		Release|x64 = Release|x64
		Release|x86 = Release|x86
	EndGlobalSection
	GlobalSection(ProjectConfigurationPlatforms) = postSolution
		{6EA07E29-8711-4F32-AF7C-38D439CC917D}.Debug|Any CPU.ActiveCfg = Debug|Any CPU
		{6EA07E29-8711-4F32-AF7C-38D439CC917D}.Debug|Any CPU.Build.0 = Debug|Any CPU
		{6EA07E29-8711-4F32-AF7C-38D439CC917D}.Debug|x64.ActiveCfg = Debug|x64
		{6EA07E29-8711-4F32-AF7C-38D439CC917D}.Debug|x64.Build.0 = Debug|x64
		{6EA07E29-8711-4F32-AF7C-38D439CC917D}.Debug|x86.ActiveCfg = Debug|x86
		{6EA07E29-8711-4F32-AF7C-38D439CC917D}.Debug|x86.Build.0 = Debug|x86
		{6EA07E29-8711-4F32-AF7C-38D439CC917D}.Release|Any CPU.ActiveCfg = Release|Any CPU
		{6EA07E29-8711-4F32-AF7C-38D439CC917D}.Release|Any CPU.Build.0 = Release|Any CPU
		{6EA07E29-8711-4F32-AF7C-38D439CC917D}.Release|x64.ActiveCfg = Release|x64
		{6EA07E29-8711-4F32-AF7C-38D439CC917D}.Release|x64.Build.0 = Release|x64
		{6EA07E29-8711-4F32-AF7C-38D439CC917D}.Release|x86.ActiveCfg = Release|x86
		{6EA07E29-8711-4F32-AF7C-38D439CC917D}.Release|x86.Build.0 = Release|x86
	EndGlobalSection
	GlobalSection(SolutionProperties) = preSolution
		HideSolutionNode = FALSE
	EndGlobalSection
	GlobalSection(ExtensibilityGlobals) = postSolution
		SolutionGuid = {DDDFCBA0-8E19-4D0A-A06A-99FB7562C0E0}
	EndGlobalSection
EndGlobal
